
Microsoft Visual Studio Solution File, Format Version 12.00
# Visual Studio Version 17
VisualStudioVersion = 17.14.36119.2
MinimumVisualStudioVersion = 10.0.40219.1
Project("{FAE04EC0-301F-11D3-BF4B-00C04F79EFBC}") = "MatMob", "MatMob.csproj", "{076F11C4-FA51-0798-351A-03AF41FE3B15}"
EndProject
Project("{FAE04EC0-301F-11D3-BF4B-00C04F79EFBC}") = "MatMob.Tests", "..\MatMob.Tests\MatMob.Tests.csproj", "{E0FF373A-42A0-E600-3D43-5B539E81A3A3}"
EndProject
Global
	GlobalSection(SolutionConfigurationPlatforms) = preSolution
		Debug|Any CPU = Debug|Any CPU
		Release|Any CPU = Release|Any CPU
	EndGlobalSection
	GlobalSection(ProjectConfigurationPlatforms) = postSolution
		{076F11C4-FA51-0798-351A-03AF41FE3B15}.Debug|Any CPU.ActiveCfg = Debug|Any CPU
		{076F11C4-FA51-0798-351A-03AF41FE3B15}.Debug|Any CPU.Build.0 = Debug|Any CPU
		{076F11C4-FA51-0798-351A-03AF41FE3B15}.Release|Any CPU.ActiveCfg = Release|Any CPU
		{076F11C4-FA51-0798-351A-03AF41FE3B15}.Release|Any CPU.Build.0 = Release|Any CPU
		{E0FF373A-42A0-E600-3D43-5B539E81A3A3}.Debug|Any CPU.ActiveCfg = Debug|Any CPU
		{E0FF373A-42A0-E600-3D43-5B539E81A3A3}.Debug|Any CPU.Build.0 = Debug|Any CPU
		{E0FF373A-42A0-E600-3D43-5B539E81A3A3}.Release|Any CPU.ActiveCfg = Release|Any CPU
		{E0FF373A-42A0-E600-3D43-5B539E81A3A3}.Release|Any CPU.Build.0 = Release|Any CPU
	EndGlobalSection
	GlobalSection(SolutionProperties) = preSolution
		HideSolutionNode = FALSE
	EndGlobalSection
	GlobalSection(ExtensibilityGlobals) = postSolution
		SolutionGuid = {E431A143-660C-45C3-9DF0-D09025484E90}
	EndGlobalSection
EndGlobal
